// !$*UTF8*$!
{
	archiveVersion = 1;
	classes = {
	};
	objectVersion = 50;
	objects = {

/* Begin PBXBuildFile section */
		9E71D4D01048BEA74EB082AD /* libPods-iOS-Engineering-DynamicLib.a in Frameworks */ = {isa = PBXBuildFile; fileRef = 72EC3361E6D552E42AE25C30 /* libPods-iOS-Engineering-DynamicLib.a */; };
		F7DF48C123C5B38600008210 /* DynamicLib.h in Headers */ = {isa = PBXBuildFile; fileRef = F7DF48BF23C5B38500008210 /* DynamicLib.h */; settings = {ATTRIBUTES = (Public, ); }; };
		F7DF48C923C5B3CA00008210 /* DynamicObject.h in Headers */ = {isa = PBXBuildFile; fileRef = F7DF48C723C5B3CA00008210 /* DynamicObject.h */; settings = {ATTRIBUTES = (Public, ); }; };
		F7DF48CA23C5B3CA00008210 /* DynamicObject.m in Sources */ = {isa = PBXBuildFile; fileRef = F7DF48C823C5B3CA00008210 /* DynamicObject.m */; };
/* End PBXBuildFile section */

/* Begin PBXFileReference section */
		1CFE09FE7DC08A68B8C3E1FF /* Pods-iOS-Engineering-DynamicLib.debug.xcconfig */ = {isa = PBXFileReference; includeInIndex = 1; lastKnownFileType = text.xcconfig; name = "Pods-iOS-Engineering-DynamicLib.debug.xcconfig"; path = "../../iOS-Engineering/Pods/Target Support Files/Pods-iOS-Engineering-DynamicLib/Pods-iOS-Engineering-DynamicLib.debug.xcconfig"; sourceTree = "<group>"; };
		4580CE8A8DBB6060833B3C73 /* Pods-iOS-Engineering-DynamicLib.release.xcconfig */ = {isa = PBXFileReference; includeInIndex = 1; lastKnownFileType = text.xcconfig; name = "Pods-iOS-Engineering-DynamicLib.release.xcconfig"; path = "../../iOS-Engineering/Pods/Target Support Files/Pods-iOS-Engineering-DynamicLib/Pods-iOS-Engineering-DynamicLib.release.xcconfig"; sourceTree = "<group>"; };
		72EC3361E6D552E42AE25C30 /* libPods-iOS-Engineering-DynamicLib.a */ = {isa = PBXFileReference; explicitFileType = archive.ar; includeInIndex = 0; path = "libPods-iOS-Engineering-DynamicLib.a"; sourceTree = BUILT_PRODUCTS_DIR; };
		F7DF48BC23C5B38500008210 /* DynamicLib.framework */ = {isa = PBXFileReference; explicitFileType = wrapper.framework; includeInIndex = 0; path = DynamicLib.framework; sourceTree = BUILT_PRODUCTS_DIR; };
		F7DF48BF23C5B38500008210 /* DynamicLib.h */ = {isa = PBXFileReference; lastKnownFileType = sourcecode.c.h; path = DynamicLib.h; sourceTree = "<group>"; };
		F7DF48C023C5B38600008210 /* Info.plist */ = {isa = PBXFileReference; lastKnownFileType = text.plist.xml; path = Info.plist; sourceTree = "<group>"; };
		F7DF48C723C5B3CA00008210 /* DynamicObject.h */ = {isa = PBXFileReference; lastKnownFileType = sourcecode.c.h; path = DynamicObject.h; sourceTree = "<group>"; };
		F7DF48C823C5B3CA00008210 /* DynamicObject.m */ = {isa = PBXFileReference; lastKnownFileType = sourcecode.c.objc; path = DynamicObject.m; sourceTree = "<group>"; };
/* End PBXFileReference section */

/* Begin PBXFrameworksBuildPhase section */
		F7DF48B923C5B38500008210 /* Frameworks */ = {
			isa = PBXFrameworksBuildPhase;
			buildActionMask = 2147483647;
			files = (
				9E71D4D01048BEA74EB082AD /* libPods-iOS-Engineering-DynamicLib.a in Frameworks */,
			);
			runOnlyForDeploymentPostprocessing = 0;
		};
/* End PBXFrameworksBuildPhase section */

/* Begin PBXGroup section */
		67CDBBA5C7E74A14FB3CC996 /* Frameworks */ = {
			isa = PBXGroup;
			children = (
				72EC3361E6D552E42AE25C30 /* libPods-iOS-Engineering-DynamicLib.a */,
			);
			name = Frameworks;
			sourceTree = "<group>";
		};
		F7DF48B223C5B38500008210 = {
			isa = PBXGroup;
			children = (
				F7DF48BE23C5B38500008210 /* DynamicLib */,
				F7DF48BD23C5B38500008210 /* Products */,
				F7EF2473F5993069ED2D905D /* Pods */,
				67CDBBA5C7E74A14FB3CC996 /* Frameworks */,
			);
			sourceTree = "<group>";
		};
		F7DF48BD23C5B38500008210 /* Products */ = {
			isa = PBXGroup;
			children = (
				F7DF48BC23C5B38500008210 /* DynamicLib.framework */,
			);
			name = Products;
			sourceTree = "<group>";
		};
		F7DF48BE23C5B38500008210 /* DynamicLib */ = {
			isa = PBXGroup;
			children = (
				F7DF48BF23C5B38500008210 /* DynamicLib.h */,
				F7DF48C723C5B3CA00008210 /* DynamicObject.h */,
				F7DF48C823C5B3CA00008210 /* DynamicObject.m */,
				F7DF48C023C5B38600008210 /* Info.plist */,
			);
			path = DynamicLib;
			sourceTree = "<group>";
		};
		F7EF2473F5993069ED2D905D /* Pods */ = {
			isa = PBXGroup;
			children = (
				1CFE09FE7DC08A68B8C3E1FF /* Pods-iOS-Engineering-DynamicLib.debug.xcconfig */,
				4580CE8A8DBB6060833B3C73 /* Pods-iOS-Engineering-DynamicLib.release.xcconfig */,
			);
			name = Pods;
			sourceTree = "<group>";
		};
/* End PBXGroup section */

/* Begin PBXHeadersBuildPhase section */
		F7DF48B723C5B38500008210 /* Headers */ = {
			isa = PBXHeadersBuildPhase;
			buildActionMask = 2147483647;
			files = (
				F7DF48C123C5B38600008210 /* DynamicLib.h in Headers */,
				F7DF48C923C5B3CA00008210 /* DynamicObject.h in Headers */,
			);
			runOnlyForDeploymentPostprocessing = 0;
		};
/* End PBXHeadersBuildPhase section */

/* Begin PBXNativeTarget section */
		F7DF48BB23C5B38500008210 /* DynamicLib */ = {
			isa = PBXNativeTarget;
			buildConfigurationList = F7DF48C423C5B38600008210 /* Build configuration list for PBXNativeTarget "DynamicLib" */;
			buildPhases = (
				7A5787797E21421560678514 /* [CP] Check Pods Manifest.lock */,
				F7DF48B723C5B38500008210 /* Headers */,
				F7DF48B823C5B38500008210 /* Sources */,
				F7DF48B923C5B38500008210 /* Frameworks */,
				F7DF48BA23C5B38500008210 /* Resources */,
			);
			buildRules = (
			);
			dependencies = (
			);
			name = DynamicLib;
			productName = DynamicLib;
			productReference = F7DF48BC23C5B38500008210 /* DynamicLib.framework */;
			productType = "com.apple.product-type.framework";
		};
/* End PBXNativeTarget section */

/* Begin PBXProject section */
		F7DF48B323C5B38500008210 /* Project object */ = {
			isa = PBXProject;
			attributes = {
				LastUpgradeCheck = 1100;
				ORGANIZATIONNAME = sn_zjs;
				TargetAttributes = {
					F7DF48BB23C5B38500008210 = {
						CreatedOnToolsVersion = 11.0;
					};
				};
			};
			buildConfigurationList = F7DF48B623C5B38500008210 /* Build configuration list for PBXProject "DynamicLib" */;
			compatibilityVersion = "Xcode 9.3";
			developmentRegion = en;
			hasScannedForEncodings = 0;
			knownRegions = (
				en,
				Base,
			);
			mainGroup = F7DF48B223C5B38500008210;
			productRefGroup = F7DF48BD23C5B38500008210 /* Products */;
			projectDirPath = "";
			projectRoot = "";
			targets = (
				F7DF48BB23C5B38500008210 /* DynamicLib */,
			);
		};
/* End PBXProject section */

/* Begin PBXResourcesBuildPhase section */
		F7DF48BA23C5B38500008210 /* Resources */ = {
			isa = PBXResourcesBuildPhase;
			buildActionMask = 2147483647;
			files = (
			);
			runOnlyForDeploymentPostprocessing = 0;
		};
/* End PBXResourcesBuildPhase section */

/* Begin PBXShellScriptBuildPhase section */
		7A5787797E21421560678514 /* [CP] Check Pods Manifest.lock */ = {
			isa = PBXShellScriptBuildPhase;
			buildActionMask = 2147483647;
			files = (
			);
			inputPaths = (
				"${PODS_PODFILE_DIR_PATH}/Podfile.lock",
				"${PODS_ROOT}/Manifest.lock",
			);
			name = "[CP] Check Pods Manifest.lock";
			outputPaths = (
				"$(DERIVED_FILE_DIR)/Pods-iOS-Engineering-DynamicLib-checkManifestLockResult.txt",
			);
			runOnlyForDeploymentPostprocessing = 0;
			shellPath = /bin/sh;
			shellScript = "diff \"${PODS_PODFILE_DIR_PATH}/Podfile.lock\" \"${PODS_ROOT}/Manifest.lock\" > /dev/null\nif [ $? != 0 ] ; then\n    # print error to STDERR\n    echo \"error: The sandbox is not in sync with the Podfile.lock. Run 'pod install' or update your CocoaPods installation.\" >&2\n    exit 1\nfi\n# This output is used by Xcode 'outputs' to avoid re-running this script phase.\necho \"SUCCESS\" > \"${SCRIPT_OUTPUT_FILE_0}\"\n";
			showEnvVarsInLog = 0;
		};
/* End PBXShellScriptBuildPhase section */

/* Begin PBXSourcesBuildPhase section */
		F7DF48B823C5B38500008210 /* Sources */ = {
			isa = PBXSourcesBuildPhase;
			buildActionMask = 2147483647;
			files = (
				F7DF48CA23C5B3CA00008210 /* DynamicObject.m in Sources */,
			);
			runOnlyForDeploymentPostprocessing = 0;
		};
/* End PBXSourcesBuildPhase section */

/* Begin XCBuildConfiguration section */
		F7DF48C223C5B38600008210 /* Debug */ = {
			isa = XCBuildConfiguration;
			buildSettings = {
				ALWAYS_SEARCH_USER_PATHS = NO;
				CLANG_ANALYZER_NONNULL = YES;
				CLANG_ANALYZER_NUMBER_OBJECT_CONVERSION = YES_AGGRESSIVE;
				CLANG_CXX_LANGUAGE_STANDARD = "gnu++14";
				CLANG_CXX_LIBRARY = "libc++";
				CLANG_ENABLE_MODULES = YES;
				CLANG_ENABLE_OBJC_ARC = YES;
				CLANG_ENABLE_OBJC_WEAK = YES;
				CLANG_WARN_BLOCK_CAPTURE_AUTORELEASING = YES;
				CLANG_WARN_BOOL_CONVERSION = YES;
				CLANG_WARN_COMMA = YES;
				CLANG_WARN_CONSTANT_CONVERSION = YES;
				CLANG_WARN_DEPRECATED_OBJC_IMPLEMENTATIONS = YES;
				CLANG_WARN_DIRECT_OBJC_ISA_USAGE = YES_ERROR;
				CLANG_WARN_DOCUMENTATION_COMMENTS = YES;
				CLANG_WARN_EMPTY_BODY = YES;
				CLANG_WARN_ENUM_CONVERSION = YES;
				CLANG_WARN_INFINITE_RECURSION = YES;
				CLANG_WARN_INT_CONVERSION = YES;
				CLANG_WARN_NON_LITERAL_NULL_CONVERSION = YES;
				CLANG_WARN_OBJC_IMPLICIT_RETAIN_SELF = YES;
				CLANG_WARN_OBJC_LITERAL_CONVERSION = YES;
				CLANG_WARN_OBJC_ROOT_CLASS = YES_ERROR;
				CLANG_WARN_RANGE_LOOP_ANALYSIS = YES;
				CLANG_WARN_STRICT_PROTOTYPES = YES;
				CLANG_WARN_SUSPICIOUS_MOVE = YES;
				CLANG_WARN_UNGUARDED_AVAILABILITY = YES_AGGRESSIVE;
				CLANG_WARN_UNREACHABLE_CODE = YES;
				CLANG_WARN__DUPLICATE_METHOD_MATCH = YES;
				COPY_PHASE_STRIP = NO;
				CURRENT_PROJECT_VERSION = 1;
				DEBUG_INFORMATION_FORMAT = dwarf;
				ENABLE_STRICT_OBJC_MSGSEND = YES;
				ENABLE_TESTABILITY = YES;
				GCC_C_LANGUAGE_STANDARD = gnu11;
				GCC_DYNAMIC_NO_PIC = NO;
				GCC_NO_COMMON_BLOCKS = YES;
				GCC_OPTIMIZATION_LEVEL = 0;
				GCC_PREPROCESSOR_DEFINITIONS = (
					"DEBUG=1",
					"$(inherited)",
				);
				GCC_WARN_64_TO_32_BIT_CONVERSION = YES;
				GCC_WARN_ABOUT_RETURN_TYPE = YES_ERROR;
				GCC_WARN_UNDECLARED_SELECTOR = YES;
				GCC_WARN_UNINITIALIZED_AUTOS = YES_AGGRESSIVE;
				GCC_WARN_UNUSED_FUNCTION = YES;
				GCC_WARN_UNUSED_VARIABLE = YES;
				IPHONEOS_DEPLOYMENT_TARGET = 13.0;
				MTL_ENABLE_DEBUG_INFO = INCLUDE_SOURCE;
				MTL_FAST_MATH = YES;
				ONLY_ACTIVE_ARCH = YES;
				SDKROOT = iphoneos;
				VERSIONING_SYSTEM = "apple-generic";
				VERSION_INFO_PREFIX = "";
			};
			name = Debug;
		};
		F7DF48C323C5B38600008210 /* Release */ = {
			isa = XCBuildConfiguration;
			buildSettings = {
				ALWAYS_SEARCH_USER_PATHS = NO;
				CLANG_ANALYZER_NONNULL = YES;
				CLANG_ANALYZER_NUMBER_OBJECT_CONVERSION = YES_AGGRESSIVE;
				CLANG_CXX_LANGUAGE_STANDARD = "gnu++14";
				CLANG_CXX_LIBRARY = "libc++";
				CLANG_ENABLE_MODULES = YES;
				CLANG_ENABLE_OBJC_ARC = YES;
				CLANG_ENABLE_OBJC_WEAK = YES;
				CLANG_WARN_BLOCK_CAPTURE_AUTORELEASING = YES;
				CLANG_WARN_BOOL_CONVERSION = YES;
				CLANG_WARN_COMMA = YES;
				CLANG_WARN_CONSTANT_CONVERSION = YES;
				CLANG_WARN_DEPRECATED_OBJC_IMPLEMENTATIONS = YES;
				CLANG_WARN_DIRECT_OBJC_ISA_USAGE = YES_ERROR;
				CLANG_WARN_DOCUMENTATION_COMMENTS = YES;
				CLANG_WARN_EMPTY_BODY = YES;
				CLANG_WARN_ENUM_CONVERSION = YES;
				CLANG_WARN_INFINITE_RECURSION = YES;
				CLANG_WARN_INT_CONVERSION = YES;
				CLANG_WARN_NON_LITERAL_NULL_CONVERSION = YES;
				CLANG_WARN_OBJC_IMPLICIT_RETAIN_SELF = YES;
				CLANG_WARN_OBJC_LITERAL_CONVERSION = YES;
				CLANG_WARN_OBJC_ROOT_CLASS = YES_ERROR;
				CLANG_WARN_RANGE_LOOP_ANALYSIS = YES;
				CLANG_WARN_STRICT_PROTOTYPES = YES;
				CLANG_WARN_SUSPICIOUS_MOVE = YES;
				CLANG_WARN_UNGUARDED_AVAILABILITY = YES_AGGRESSIVE;
				CLANG_WARN_UNREACHABLE_CODE = YES;
				CLANG_WARN__DUPLICATE_METHOD_MATCH = YES;
				COPY_PHASE_STRIP = NO;
				CURRENT_PROJECT_VERSION = 1;
				DEBUG_INFORMATION_FORMAT = "dwarf-with-dsym";
				ENABLE_NS_ASSERTIONS = NO;
				ENABLE_STRICT_OBJC_MSGSEND = YES;
				GCC_C_LANGUAGE_STANDARD = gnu11;
				GCC_NO_COMMON_BLOCKS = YES;
				GCC_WARN_64_TO_32_BIT_CONVERSION = YES;
				GCC_WARN_ABOUT_RETURN_TYPE = YES_ERROR;
				GCC_WARN_UNDECLARED_SELECTOR = YES;
				GCC_WARN_UNINITIALIZED_AUTOS = YES_AGGRESSIVE;
				GCC_WARN_UNUSED_FUNCTION = YES;
				GCC_WARN_UNUSED_VARIABLE = YES;
				IPHONEOS_DEPLOYMENT_TARGET = 13.0;
				MTL_ENABLE_DEBUG_INFO = NO;
				MTL_FAST_MATH = YES;
				SDKROOT = iphoneos;
				VALIDATE_PRODUCT = YES;
				VERSIONING_SYSTEM = "apple-generic";
				VERSION_INFO_PREFIX = "";
			};
			name = Release;
		};
		F7DF48C523C5B38600008210 /* Debug */ = {
			isa = XCBuildConfiguration;
			baseConfigurationReference = 1CFE09FE7DC08A68B8C3E1FF /* Pods-iOS-Engineering-DynamicLib.debug.xcconfig */;
			buildSettings = {
				CODE_SIGN_STYLE = Automatic;
				DEFINES_MODULE = YES;
				DEVELOPMENT_TEAM = GN9RV4RK7D;
				DYLIB_COMPATIBILITY_VERSION = 1;
				DYLIB_CURRENT_VERSION = 1;
				DYLIB_INSTALL_NAME_BASE = "@rpath";
				INFOPLIST_FILE = DynamicLib/Info.plist;
				INSTALL_PATH = "$(LOCAL_LIBRARY_DIR)/Frameworks";
				LD_RUNPATH_SEARCH_PATHS = (
					"$(inherited)",
					"@executable_path/Frameworks",
					"@loader_path/Frameworks",
				);
				PRODUCT_BUNDLE_IDENTIFIER = com.suning.zjs.DynamicLib;
				PRODUCT_NAME = "$(TARGET_NAME:c99extidentifier)";
				SKIP_INSTALL = YES;
				SUPPORTS_MACCATALYST = NO;
				TARGETED_DEVICE_FAMILY = "1,2";
			};
			name = Debug;
		};
		F7DF48C623C5B38600008210 /* Release */ = {
			isa = XCBuildConfiguration;
			baseConfigurationReference = 4580CE8A8DBB6060833B3C73 /* Pods-iOS-Engineering-DynamicLib.release.xcconfig */;
			buildSettings = {
				CODE_SIGN_STYLE = Automatic;
				DEFINES_MODULE = YES;
				DEVELOPMENT_TEAM = GN9RV4RK7D;
				DYLIB_COMPATIBILITY_VERSION = 1;
				DYLIB_CURRENT_VERSION = 1;
				DYLIB_INSTALL_NAME_BASE = "@rpath";
				INFOPLIST_FILE = DynamicLib/Info.plist;
				INSTALL_PATH = "$(LOCAL_LIBRARY_DIR)/Frameworks";
				LD_RUNPATH_SEARCH_PATHS = (
					"$(inherited)",
					"@executable_path/Frameworks",
					"@loader_path/Frameworks",
				);
				PRODUCT_BUNDLE_IDENTIFIER = com.suning.zjs.DynamicLib;
				PRODUCT_NAME = "$(TARGET_NAME:c99extidentifier)";
				SKIP_INSTALL = YES;
				SUPPORTS_MACCATALYST = NO;
				TARGETED_DEVICE_FAMILY = "1,2";
			};
			name = Release;
		};
/* End XCBuildConfiguration section */

/* Begin XCConfigurationList section */
		F7DF48B623C5B38500008210 /* Build configuration list for PBXProject "DynamicLib" */ = {
			isa = XCConfigurationList;
			buildConfigurations = (
				F7DF48C223C5B38600008210 /* Debug */,
				F7DF48C323C5B38600008210 /* Release */,
			);
			defaultConfigurationIsVisible = 0;
			defaultConfigurationName = Release;
		};
		F7DF48C423C5B38600008210 /* Build configuration list for PBXNativeTarget "DynamicLib" */ = {
			isa = XCConfigurationList;
			buildConfigurations = (
				F7DF48C523C5B38600008210 /* Debug */,
				F7DF48C623C5B38600008210 /* Release */,
			);
			defaultConfigurationIsVisible = 0;
			defaultConfigurationName = Release;
		};
/* End XCConfigurationList section */
	};
	rootObject = F7DF48B323C5B38500008210 /* Project object */;
}
