// !$*UTF8*$!
{
	archiveVersion = 1;
	classes = {
	};
	objectVersion = 50;
	objects = {

/* Begin PBXBuildFile section */
		ED65423726385CDD0058D239 /* Common.framework in Frameworks */ = {isa = PBXBuildFile; fileRef = ED65422D26385CDD0058D239 /* Common.framework */; };
		ED65423C26385CDD0058D239 /* CommonTests.m in Sources */ = {isa = PBXBuildFile; fileRef = ED65423B26385CDD0058D239 /* CommonTests.m */; };
		ED65423E26385CDD0058D239 /* Common.h in Headers */ = {isa = PBXBuildFile; fileRef = ED65423026385CDD0058D239 /* Common.h */; settings = {ATTRIBUTES = (Public, ); }; };
		ED6542632638620F0058D239 /* SomeClass.h in Headers */ = {isa = PBXBuildFile; fileRef = ED6542612638620F0058D239 /* SomeClass.h */; settings = {ATTRIBUTES = (Public, ); }; };
		ED6542642638620F0058D239 /* SomeClass.m in Sources */ = {isa = PBXBuildFile; fileRef = ED6542622638620F0058D239 /* SomeClass.m */; };
		F3DB3633E53A49FFAE2D3B9D /* libPods-iOS-Engineering-Common.a in Frameworks */ = {isa = PBXBuildFile; fileRef = A91E28F6D8029093FB984319 /* libPods-iOS-Engineering-Common.a */; };
/* End PBXBuildFile section */

/* Begin PBXContainerItemProxy section */
		ED65423826385CDD0058D239 /* PBXContainerItemProxy */ = {
			isa = PBXContainerItemProxy;
			containerPortal = ED65422426385CDD0058D239 /* Project object */;
			proxyType = 1;
			remoteGlobalIDString = ED65422C26385CDD0058D239;
			remoteInfo = Common;
		};
/* End PBXContainerItemProxy section */

/* Begin PBXFileReference section */
		3E5C8193A7723F06D90C7D29 /* Pods-iOS-Engineering-Common.debug.xcconfig */ = {isa = PBXFileReference; includeInIndex = 1; lastKnownFileType = text.xcconfig; name = "Pods-iOS-Engineering-Common.debug.xcconfig"; path = "Target Support Files/Pods-iOS-Engineering-Common/Pods-iOS-Engineering-Common.debug.xcconfig"; sourceTree = "<group>"; };
		A91E28F6D8029093FB984319 /* libPods-iOS-Engineering-Common.a */ = {isa = PBXFileReference; explicitFileType = archive.ar; includeInIndex = 0; path = "libPods-iOS-Engineering-Common.a"; sourceTree = BUILT_PRODUCTS_DIR; };
		AE38A09D26F27C7F73DDCB55 /* Pods-iOS-Engineering-Common.release.xcconfig */ = {isa = PBXFileReference; includeInIndex = 1; lastKnownFileType = text.xcconfig; name = "Pods-iOS-Engineering-Common.release.xcconfig"; path = "Target Support Files/Pods-iOS-Engineering-Common/Pods-iOS-Engineering-Common.release.xcconfig"; sourceTree = "<group>"; };
		ED65422D26385CDD0058D239 /* Common.framework */ = {isa = PBXFileReference; explicitFileType = wrapper.framework; includeInIndex = 0; path = Common.framework; sourceTree = BUILT_PRODUCTS_DIR; };
		ED65423026385CDD0058D239 /* Common.h */ = {isa = PBXFileReference; lastKnownFileType = sourcecode.c.h; path = Common.h; sourceTree = "<group>"; };
		ED65423126385CDD0058D239 /* Info.plist */ = {isa = PBXFileReference; lastKnownFileType = text.plist.xml; path = Info.plist; sourceTree = "<group>"; };
		ED65423626385CDD0058D239 /* CommonTests.xctest */ = {isa = PBXFileReference; explicitFileType = wrapper.cfbundle; includeInIndex = 0; path = CommonTests.xctest; sourceTree = BUILT_PRODUCTS_DIR; };
		ED65423B26385CDD0058D239 /* CommonTests.m */ = {isa = PBXFileReference; lastKnownFileType = sourcecode.c.objc; path = CommonTests.m; sourceTree = "<group>"; };
		ED65423D26385CDD0058D239 /* Info.plist */ = {isa = PBXFileReference; lastKnownFileType = text.plist.xml; path = Info.plist; sourceTree = "<group>"; };
		ED6542612638620F0058D239 /* SomeClass.h */ = {isa = PBXFileReference; lastKnownFileType = sourcecode.c.h; path = SomeClass.h; sourceTree = "<group>"; };
		ED6542622638620F0058D239 /* SomeClass.m */ = {isa = PBXFileReference; lastKnownFileType = sourcecode.c.objc; path = SomeClass.m; sourceTree = "<group>"; };
/* End PBXFileReference section */

/* Begin PBXFrameworksBuildPhase section */
		ED65422A26385CDD0058D239 /* Frameworks */ = {
			isa = PBXFrameworksBuildPhase;
			buildActionMask = 2147483647;
			files = (
				F3DB3633E53A49FFAE2D3B9D /* libPods-iOS-Engineering-Common.a in Frameworks */,
			);
			runOnlyForDeploymentPostprocessing = 0;
		};
		ED65423326385CDD0058D239 /* Frameworks */ = {
			isa = PBXFrameworksBuildPhase;
			buildActionMask = 2147483647;
			files = (
				ED65423726385CDD0058D239 /* Common.framework in Frameworks */,
			);
			runOnlyForDeploymentPostprocessing = 0;
		};
/* End PBXFrameworksBuildPhase section */

/* Begin PBXGroup section */
		B3107F7A720AAA2DE1F5CCC7 /* Pods */ = {
			isa = PBXGroup;
			children = (
				3E5C8193A7723F06D90C7D29 /* Pods-iOS-Engineering-Common.debug.xcconfig */,
				AE38A09D26F27C7F73DDCB55 /* Pods-iOS-Engineering-Common.release.xcconfig */,
			);
			name = Pods;
			path = ../Pods;
			sourceTree = "<group>";
		};
		ED65422326385CDD0058D239 = {
			isa = PBXGroup;
			children = (
				ED65422F26385CDD0058D239 /* Common */,
				ED65423A26385CDD0058D239 /* CommonTests */,
				ED65422E26385CDD0058D239 /* Products */,
				B3107F7A720AAA2DE1F5CCC7 /* Pods */,
				FACB828B164912E26DDED407 /* Frameworks */,
			);
			sourceTree = "<group>";
		};
		ED65422E26385CDD0058D239 /* Products */ = {
			isa = PBXGroup;
			children = (
				ED65422D26385CDD0058D239 /* Common.framework */,
				ED65423626385CDD0058D239 /* CommonTests.xctest */,
			);
			name = Products;
			sourceTree = "<group>";
		};
		ED65422F26385CDD0058D239 /* Common */ = {
			isa = PBXGroup;
			children = (
				ED65423026385CDD0058D239 /* Common.h */,
				ED65423126385CDD0058D239 /* Info.plist */,
				ED6542612638620F0058D239 /* SomeClass.h */,
				ED6542622638620F0058D239 /* SomeClass.m */,
			);
			path = Common;
			sourceTree = "<group>";
		};
		ED65423A26385CDD0058D239 /* CommonTests */ = {
			isa = PBXGroup;
			children = (
				ED65423B26385CDD0058D239 /* CommonTests.m */,
				ED65423D26385CDD0058D239 /* Info.plist */,
			);
			path = CommonTests;
			sourceTree = "<group>";
		};
		FACB828B164912E26DDED407 /* Frameworks */ = {
			isa = PBXGroup;
			children = (
				A91E28F6D8029093FB984319 /* libPods-iOS-Engineering-Common.a */,
			);
			name = Frameworks;
			sourceTree = "<group>";
		};
/* End PBXGroup section */

/* Begin PBXHeadersBuildPhase section */
		ED65422826385CDD0058D239 /* Headers */ = {
			isa = PBXHeadersBuildPhase;
			buildActionMask = 2147483647;
			files = (
				ED65423E26385CDD0058D239 /* Common.h in Headers */,
				ED6542632638620F0058D239 /* SomeClass.h in Headers */,
			);
			runOnlyForDeploymentPostprocessing = 0;
		};
/* End PBXHeadersBuildPhase section */

/* Begin PBXNativeTarget section */
		ED65422C26385CDD0058D239 /* Common */ = {
			isa = PBXNativeTarget;
			buildConfigurationList = ED65424126385CDD0058D239 /* Build configuration list for PBXNativeTarget "Common" */;
			buildPhases = (
				DE9F8069AAD6DE1359651522 /* [CP] Check Pods Manifest.lock */,
				ED65422826385CDD0058D239 /* Headers */,
				ED65422926385CDD0058D239 /* Sources */,
				ED65422A26385CDD0058D239 /* Frameworks */,
				ED65422B26385CDD0058D239 /* Resources */,
			);
			buildRules = (
			);
			dependencies = (
			);
			name = Common;
			productName = Common;
			productReference = ED65422D26385CDD0058D239 /* Common.framework */;
			productType = "com.apple.product-type.framework";
		};
		ED65423526385CDD0058D239 /* CommonTests */ = {
			isa = PBXNativeTarget;
			buildConfigurationList = ED65424426385CDD0058D239 /* Build configuration list for PBXNativeTarget "CommonTests" */;
			buildPhases = (
				ED65423226385CDD0058D239 /* Sources */,
				ED65423326385CDD0058D239 /* Frameworks */,
				ED65423426385CDD0058D239 /* Resources */,
			);
			buildRules = (
			);
			dependencies = (
				ED65423926385CDD0058D239 /* PBXTargetDependency */,
			);
			name = CommonTests;
			productName = CommonTests;
			productReference = ED65423626385CDD0058D239 /* CommonTests.xctest */;
			productType = "com.apple.product-type.bundle.unit-test";
		};
/* End PBXNativeTarget section */

/* Begin PBXProject section */
		ED65422426385CDD0058D239 /* Project object */ = {
			isa = PBXProject;
			attributes = {
				LastUpgradeCheck = 1240;
				TargetAttributes = {
					ED65422C26385CDD0058D239 = {
						CreatedOnToolsVersion = 12.4;
					};
					ED65423526385CDD0058D239 = {
						CreatedOnToolsVersion = 12.4;
					};
				};
			};
			buildConfigurationList = ED65422726385CDD0058D239 /* Build configuration list for PBXProject "Common" */;
			compatibilityVersion = "Xcode 9.3";
			developmentRegion = en;
			hasScannedForEncodings = 0;
			knownRegions = (
				en,
				Base,
			);
			mainGroup = ED65422326385CDD0058D239;
			productRefGroup = ED65422E26385CDD0058D239 /* Products */;
			projectDirPath = "";
			projectRoot = "";
			targets = (
				ED65422C26385CDD0058D239 /* Common */,
				ED65423526385CDD0058D239 /* CommonTests */,
			);
		};
/* End PBXProject section */

/* Begin PBXResourcesBuildPhase section */
		ED65422B26385CDD0058D239 /* Resources */ = {
			isa = PBXResourcesBuildPhase;
			buildActionMask = 2147483647;
			files = (
			);
			runOnlyForDeploymentPostprocessing = 0;
		};
		ED65423426385CDD0058D239 /* Resources */ = {
			isa = PBXResourcesBuildPhase;
			buildActionMask = 2147483647;
			files = (
			);
			runOnlyForDeploymentPostprocessing = 0;
		};
/* End PBXResourcesBuildPhase section */

/* Begin PBXShellScriptBuildPhase section */
		DE9F8069AAD6DE1359651522 /* [CP] Check Pods Manifest.lock */ = {
			isa = PBXShellScriptBuildPhase;
			buildActionMask = 2147483647;
			files = (
			);
			inputFileListPaths = (
			);
			inputPaths = (
				"${PODS_PODFILE_DIR_PATH}/Podfile.lock",
				"${PODS_ROOT}/Manifest.lock",
			);
			name = "[CP] Check Pods Manifest.lock";
			outputFileListPaths = (
			);
			outputPaths = (
				"$(DERIVED_FILE_DIR)/Pods-iOS-Engineering-Common-checkManifestLockResult.txt",
			);
			runOnlyForDeploymentPostprocessing = 0;
			shellPath = /bin/sh;
			shellScript = "diff \"${PODS_PODFILE_DIR_PATH}/Podfile.lock\" \"${PODS_ROOT}/Manifest.lock\" > /dev/null\nif [ $? != 0 ] ; then\n    # print error to STDERR\n    echo \"error: The sandbox is not in sync with the Podfile.lock. Run 'pod install' or update your CocoaPods installation.\" >&2\n    exit 1\nfi\n# This output is used by Xcode 'outputs' to avoid re-running this script phase.\necho \"SUCCESS\" > \"${SCRIPT_OUTPUT_FILE_0}\"\n";
			showEnvVarsInLog = 0;
		};
/* End PBXShellScriptBuildPhase section */

/* Begin PBXSourcesBuildPhase section */
		ED65422926385CDD0058D239 /* Sources */ = {
			isa = PBXSourcesBuildPhase;
			buildActionMask = 2147483647;
			files = (
				ED6542642638620F0058D239 /* SomeClass.m in Sources */,
			);
			runOnlyForDeploymentPostprocessing = 0;
		};
		ED65423226385CDD0058D239 /* Sources */ = {
			isa = PBXSourcesBuildPhase;
			buildActionMask = 2147483647;
			files = (
				ED65423C26385CDD0058D239 /* CommonTests.m in Sources */,
			);
			runOnlyForDeploymentPostprocessing = 0;
		};
/* End PBXSourcesBuildPhase section */

/* Begin PBXTargetDependency section */
		ED65423926385CDD0058D239 /* PBXTargetDependency */ = {
			isa = PBXTargetDependency;
			target = ED65422C26385CDD0058D239 /* Common */;
			targetProxy = ED65423826385CDD0058D239 /* PBXContainerItemProxy */;
		};
/* End PBXTargetDependency section */

/* Begin XCBuildConfiguration section */
		ED65423F26385CDD0058D239 /* Debug */ = {
			isa = XCBuildConfiguration;
			buildSettings = {
				ALWAYS_SEARCH_USER_PATHS = NO;
				CLANG_ANALYZER_NONNULL = YES;
				CLANG_ANALYZER_NUMBER_OBJECT_CONVERSION = YES_AGGRESSIVE;
				CLANG_CXX_LANGUAGE_STANDARD = "gnu++14";
				CLANG_CXX_LIBRARY = "libc++";
				CLANG_ENABLE_MODULES = YES;
				CLANG_ENABLE_OBJC_ARC = YES;
				CLANG_ENABLE_OBJC_WEAK = YES;
				CLANG_WARN_BLOCK_CAPTURE_AUTORELEASING = YES;
				CLANG_WARN_BOOL_CONVERSION = YES;
				CLANG_WARN_COMMA = YES;
				CLANG_WARN_CONSTANT_CONVERSION = YES;
				CLANG_WARN_DEPRECATED_OBJC_IMPLEMENTATIONS = YES;
				CLANG_WARN_DIRECT_OBJC_ISA_USAGE = YES_ERROR;
				CLANG_WARN_DOCUMENTATION_COMMENTS = YES;
				CLANG_WARN_EMPTY_BODY = YES;
				CLANG_WARN_ENUM_CONVERSION = YES;
				CLANG_WARN_INFINITE_RECURSION = YES;
				CLANG_WARN_INT_CONVERSION = YES;
				CLANG_WARN_NON_LITERAL_NULL_CONVERSION = YES;
				CLANG_WARN_OBJC_IMPLICIT_RETAIN_SELF = YES;
				CLANG_WARN_OBJC_LITERAL_CONVERSION = YES;
				CLANG_WARN_OBJC_ROOT_CLASS = YES_ERROR;
				CLANG_WARN_QUOTED_INCLUDE_IN_FRAMEWORK_HEADER = YES;
				CLANG_WARN_RANGE_LOOP_ANALYSIS = YES;
				CLANG_WARN_STRICT_PROTOTYPES = YES;
				CLANG_WARN_SUSPICIOUS_MOVE = YES;
				CLANG_WARN_UNGUARDED_AVAILABILITY = YES_AGGRESSIVE;
				CLANG_WARN_UNREACHABLE_CODE = YES;
				CLANG_WARN__DUPLICATE_METHOD_MATCH = YES;
				COPY_PHASE_STRIP = NO;
				CURRENT_PROJECT_VERSION = 1;
				DEBUG_INFORMATION_FORMAT = dwarf;
				ENABLE_STRICT_OBJC_MSGSEND = YES;
				ENABLE_TESTABILITY = YES;
				GCC_C_LANGUAGE_STANDARD = gnu11;
				GCC_DYNAMIC_NO_PIC = NO;
				GCC_NO_COMMON_BLOCKS = YES;
				GCC_OPTIMIZATION_LEVEL = 0;
				GCC_PREPROCESSOR_DEFINITIONS = (
					"DEBUG=1",
					"$(inherited)",
				);
				GCC_WARN_64_TO_32_BIT_CONVERSION = YES;
				GCC_WARN_ABOUT_RETURN_TYPE = YES_ERROR;
				GCC_WARN_UNDECLARED_SELECTOR = YES;
				GCC_WARN_UNINITIALIZED_AUTOS = YES_AGGRESSIVE;
				GCC_WARN_UNUSED_FUNCTION = YES;
				GCC_WARN_UNUSED_VARIABLE = YES;
				IPHONEOS_DEPLOYMENT_TARGET = 14.4;
				MTL_ENABLE_DEBUG_INFO = INCLUDE_SOURCE;
				MTL_FAST_MATH = YES;
				ONLY_ACTIVE_ARCH = YES;
				SDKROOT = iphoneos;
				VERSIONING_SYSTEM = "apple-generic";
				VERSION_INFO_PREFIX = "";
			};
			name = Debug;
		};
		ED65424026385CDD0058D239 /* Release */ = {
			isa = XCBuildConfiguration;
			buildSettings = {
				ALWAYS_SEARCH_USER_PATHS = NO;
				CLANG_ANALYZER_NONNULL = YES;
				CLANG_ANALYZER_NUMBER_OBJECT_CONVERSION = YES_AGGRESSIVE;
				CLANG_CXX_LANGUAGE_STANDARD = "gnu++14";
				CLANG_CXX_LIBRARY = "libc++";
				CLANG_ENABLE_MODULES = YES;
				CLANG_ENABLE_OBJC_ARC = YES;
				CLANG_ENABLE_OBJC_WEAK = YES;
				CLANG_WARN_BLOCK_CAPTURE_AUTORELEASING = YES;
				CLANG_WARN_BOOL_CONVERSION = YES;
				CLANG_WARN_COMMA = YES;
				CLANG_WARN_CONSTANT_CONVERSION = YES;
				CLANG_WARN_DEPRECATED_OBJC_IMPLEMENTATIONS = YES;
				CLANG_WARN_DIRECT_OBJC_ISA_USAGE = YES_ERROR;
				CLANG_WARN_DOCUMENTATION_COMMENTS = YES;
				CLANG_WARN_EMPTY_BODY = YES;
				CLANG_WARN_ENUM_CONVERSION = YES;
				CLANG_WARN_INFINITE_RECURSION = YES;
				CLANG_WARN_INT_CONVERSION = YES;
				CLANG_WARN_NON_LITERAL_NULL_CONVERSION = YES;
				CLANG_WARN_OBJC_IMPLICIT_RETAIN_SELF = YES;
				CLANG_WARN_OBJC_LITERAL_CONVERSION = YES;
				CLANG_WARN_OBJC_ROOT_CLASS = YES_ERROR;
				CLANG_WARN_QUOTED_INCLUDE_IN_FRAMEWORK_HEADER = YES;
				CLANG_WARN_RANGE_LOOP_ANALYSIS = YES;
				CLANG_WARN_STRICT_PROTOTYPES = YES;
				CLANG_WARN_SUSPICIOUS_MOVE = YES;
				CLANG_WARN_UNGUARDED_AVAILABILITY = YES_AGGRESSIVE;
				CLANG_WARN_UNREACHABLE_CODE = YES;
				CLANG_WARN__DUPLICATE_METHOD_MATCH = YES;
				COPY_PHASE_STRIP = NO;
				CURRENT_PROJECT_VERSION = 1;
				DEBUG_INFORMATION_FORMAT = "dwarf-with-dsym";
				ENABLE_NS_ASSERTIONS = NO;
				ENABLE_STRICT_OBJC_MSGSEND = YES;
				GCC_C_LANGUAGE_STANDARD = gnu11;
				GCC_NO_COMMON_BLOCKS = YES;
				GCC_WARN_64_TO_32_BIT_CONVERSION = YES;
				GCC_WARN_ABOUT_RETURN_TYPE = YES_ERROR;
				GCC_WARN_UNDECLARED_SELECTOR = YES;
				GCC_WARN_UNINITIALIZED_AUTOS = YES_AGGRESSIVE;
				GCC_WARN_UNUSED_FUNCTION = YES;
				GCC_WARN_UNUSED_VARIABLE = YES;
				IPHONEOS_DEPLOYMENT_TARGET = 14.4;
				MTL_ENABLE_DEBUG_INFO = NO;
				MTL_FAST_MATH = YES;
				SDKROOT = iphoneos;
				VALIDATE_PRODUCT = YES;
				VERSIONING_SYSTEM = "apple-generic";
				VERSION_INFO_PREFIX = "";
			};
			name = Release;
		};
		ED65424226385CDD0058D239 /* Debug */ = {
			isa = XCBuildConfiguration;
			baseConfigurationReference = 3E5C8193A7723F06D90C7D29 /* Pods-iOS-Engineering-Common.debug.xcconfig */;
			buildSettings = {
				CLANG_ALLOW_NON_MODULAR_INCLUDES_IN_FRAMEWORK_MODULES = YES;
				CODE_SIGN_STYLE = Automatic;
				DEFINES_MODULE = YES;
				DEVELOPMENT_TEAM = GN9RV4RK7D;
				DYLIB_COMPATIBILITY_VERSION = 1;
				DYLIB_CURRENT_VERSION = 1;
				DYLIB_INSTALL_NAME_BASE = "@rpath";
				INFOPLIST_FILE = Common/Info.plist;
				INSTALL_PATH = "$(LOCAL_LIBRARY_DIR)/Frameworks";
				LD_RUNPATH_SEARCH_PATHS = (
					"$(inherited)",
					"@executable_path/Frameworks",
					"@loader_path/Frameworks",
				);
				PRODUCT_BUNDLE_IDENTIFIER = com.Zjs.Common;
				PRODUCT_NAME = "$(TARGET_NAME:c99extidentifier)";
				SKIP_INSTALL = YES;
				TARGETED_DEVICE_FAMILY = "1,2";
			};
			name = Debug;
		};
		ED65424326385CDD0058D239 /* Release */ = {
			isa = XCBuildConfiguration;
			baseConfigurationReference = AE38A09D26F27C7F73DDCB55 /* Pods-iOS-Engineering-Common.release.xcconfig */;
			buildSettings = {
				CLANG_ALLOW_NON_MODULAR_INCLUDES_IN_FRAMEWORK_MODULES = YES;
				CODE_SIGN_STYLE = Automatic;
				DEFINES_MODULE = YES;
				DEVELOPMENT_TEAM = GN9RV4RK7D;
				DYLIB_COMPATIBILITY_VERSION = 1;
				DYLIB_CURRENT_VERSION = 1;
				DYLIB_INSTALL_NAME_BASE = "@rpath";
				INFOPLIST_FILE = Common/Info.plist;
				INSTALL_PATH = "$(LOCAL_LIBRARY_DIR)/Frameworks";
				LD_RUNPATH_SEARCH_PATHS = (
					"$(inherited)",
					"@executable_path/Frameworks",
					"@loader_path/Frameworks",
				);
				PRODUCT_BUNDLE_IDENTIFIER = com.Zjs.Common;
				PRODUCT_NAME = "$(TARGET_NAME:c99extidentifier)";
				SKIP_INSTALL = YES;
				TARGETED_DEVICE_FAMILY = "1,2";
			};
			name = Release;
		};
		ED65424526385CDD0058D239 /* Debug */ = {
			isa = XCBuildConfiguration;
			buildSettings = {
				CODE_SIGN_STYLE = Automatic;
				DEVELOPMENT_TEAM = GN9RV4RK7D;
				INFOPLIST_FILE = CommonTests/Info.plist;
				LD_RUNPATH_SEARCH_PATHS = (
					"$(inherited)",
					"@executable_path/Frameworks",
					"@loader_path/Frameworks",
				);
				PRODUCT_BUNDLE_IDENTIFIER = com.Zjs.CommonTests;
				PRODUCT_NAME = "$(TARGET_NAME)";
				TARGETED_DEVICE_FAMILY = "1,2";
			};
			name = Debug;
		};
		ED65424626385CDD0058D239 /* Release */ = {
			isa = XCBuildConfiguration;
			buildSettings = {
				CODE_SIGN_STYLE = Automatic;
				DEVELOPMENT_TEAM = GN9RV4RK7D;
				INFOPLIST_FILE = CommonTests/Info.plist;
				LD_RUNPATH_SEARCH_PATHS = (
					"$(inherited)",
					"@executable_path/Frameworks",
					"@loader_path/Frameworks",
				);
				PRODUCT_BUNDLE_IDENTIFIER = com.Zjs.CommonTests;
				PRODUCT_NAME = "$(TARGET_NAME)";
				TARGETED_DEVICE_FAMILY = "1,2";
			};
			name = Release;
		};
/* End XCBuildConfiguration section */

/* Begin XCConfigurationList section */
		ED65422726385CDD0058D239 /* Build configuration list for PBXProject "Common" */ = {
			isa = XCConfigurationList;
			buildConfigurations = (
				ED65423F26385CDD0058D239 /* Debug */,
				ED65424026385CDD0058D239 /* Release */,
			);
			defaultConfigurationIsVisible = 0;
			defaultConfigurationName = Release;
		};
		ED65424126385CDD0058D239 /* Build configuration list for PBXNativeTarget "Common" */ = {
			isa = XCConfigurationList;
			buildConfigurations = (
				ED65424226385CDD0058D239 /* Debug */,
				ED65424326385CDD0058D239 /* Release */,
			);
			defaultConfigurationIsVisible = 0;
			defaultConfigurationName = Release;
		};
		ED65424426385CDD0058D239 /* Build configuration list for PBXNativeTarget "CommonTests" */ = {
			isa = XCConfigurationList;
			buildConfigurations = (
				ED65424526385CDD0058D239 /* Debug */,
				ED65424626385CDD0058D239 /* Release */,
			);
			defaultConfigurationIsVisible = 0;
			defaultConfigurationName = Release;
		};
/* End XCConfigurationList section */
	};
	rootObject = ED65422426385CDD0058D239 /* Project object */;
}
