// !$*UTF8*$!
{
	archiveVersion = 1;
	classes = {
	};
	objectVersion = 50;
	objects = {

/* Begin PBXBuildFile section */
		5D35B9EFA3B3B4C2BD0165EB /* libPods-iOS-EngineeringTests.a in Frameworks */ = {isa = PBXBuildFile; fileRef = 752E03236ED414BB026F546F /* libPods-iOS-EngineeringTests.a */; };
		82A192AA1684F61FCF432E71 /* libPods-iOS-Engineering.a in Frameworks */ = {isa = PBXBuildFile; fileRef = 06623B1128429DBE5471113A /* libPods-iOS-Engineering.a */; };
		C9F2680CF5DE2EDC82F70193 /* libPods-iOS-EngineeringUITests.a in Frameworks */ = {isa = PBXBuildFile; fileRef = A0CF33CCE809D6A9D91531A9 /* libPods-iOS-EngineeringUITests.a */; };
		F70277E923B5E9D300598E5D /* UIView+trickPoint.m in Sources */ = {isa = PBXBuildFile; fileRef = F70277E723B5E9D300598E5D /* UIView+trickPoint.m */; };
		F70277ED23B5EDED00598E5D /* LearnCalayer.m in Sources */ = {isa = PBXBuildFile; fileRef = F70277EC23B5EDED00598E5D /* LearnCalayer.m */; };
		F70282A02266D753006A8043 /* AppDelegate.m in Sources */ = {isa = PBXBuildFile; fileRef = F702829F2266D753006A8043 /* AppDelegate.m */; };
		F70282A32266D753006A8043 /* ViewController.m in Sources */ = {isa = PBXBuildFile; fileRef = F70282A22266D753006A8043 /* ViewController.m */; };
		F70282A62266D753006A8043 /* Main.storyboard in Resources */ = {isa = PBXBuildFile; fileRef = F70282A42266D753006A8043 /* Main.storyboard */; };
		F70282A82266D754006A8043 /* Assets.xcassets in Resources */ = {isa = PBXBuildFile; fileRef = F70282A72266D754006A8043 /* Assets.xcassets */; };
		F70282AB2266D754006A8043 /* LaunchScreen.storyboard in Resources */ = {isa = PBXBuildFile; fileRef = F70282A92266D754006A8043 /* LaunchScreen.storyboard */; };
		F70282AE2266D754006A8043 /* main.m in Sources */ = {isa = PBXBuildFile; fileRef = F70282AD2266D754006A8043 /* main.m */; };
		F70282B82266D754006A8043 /* iOS_EngineeringTests.m in Sources */ = {isa = PBXBuildFile; fileRef = F70282B72266D754006A8043 /* iOS_EngineeringTests.m */; };
		F70282C32266D754006A8043 /* iOS_EngineeringUITests.m in Sources */ = {isa = PBXBuildFile; fileRef = F70282C22266D754006A8043 /* iOS_EngineeringUITests.m */; };
		F740CCF322B9D69100F92DAA /* DelayImageDto.m in Sources */ = {isa = PBXBuildFile; fileRef = F740CCF222B9D69100F92DAA /* DelayImageDto.m */; };
		F740CCF622B9D8E100F92DAA /* DelayImage.m in Sources */ = {isa = PBXBuildFile; fileRef = F740CCF522B9D8E100F92DAA /* DelayImage.m */; };
		F7BE201F24346E330054C56D /* DynamicLib.framework in Frameworks */ = {isa = PBXBuildFile; fileRef = F7BE201E24346E330054C56D /* DynamicLib.framework */; };
		F7BE202024346E330054C56D /* DynamicLib.framework in Embed Frameworks */ = {isa = PBXBuildFile; fileRef = F7BE201E24346E330054C56D /* DynamicLib.framework */; settings = {ATTRIBUTES = (CodeSignOnCopy, RemoveHeadersOnCopy, ); }; };
		F7BE202224346E390054C56D /* StaticFramework.framework in Frameworks */ = {isa = PBXBuildFile; fileRef = F7BE202124346E390054C56D /* StaticFramework.framework */; };
		F7BE202324346E390054C56D /* StaticFramework.framework in Embed Frameworks */ = {isa = PBXBuildFile; fileRef = F7BE202124346E390054C56D /* StaticFramework.framework */; settings = {ATTRIBUTES = (CodeSignOnCopy, RemoveHeadersOnCopy, ); }; };
		F7BE20262434760C0054C56D /* HitView.m in Sources */ = {isa = PBXBuildFile; fileRef = F7BE20252434760C0054C56D /* HitView.m */; };
		F7BE20292434873C0054C56D /* MyApplication.m in Sources */ = {isa = PBXBuildFile; fileRef = F7BE20282434873C0054C56D /* MyApplication.m */; };
		F7C8A2EB2435D06900DC9EC8 /* EmptyView.m in Sources */ = {isa = PBXBuildFile; fileRef = F7C8A2EA2435D06900DC9EC8 /* EmptyView.m */; };
/* End PBXBuildFile section */

/* Begin PBXContainerItemProxy section */
		F70282B42266D754006A8043 /* PBXContainerItemProxy */ = {
			isa = PBXContainerItemProxy;
			containerPortal = F70282932266D753006A8043 /* Project object */;
			proxyType = 1;
			remoteGlobalIDString = F702829A2266D753006A8043;
			remoteInfo = "iOS-Engineering";
		};
		F70282BF2266D754006A8043 /* PBXContainerItemProxy */ = {
			isa = PBXContainerItemProxy;
			containerPortal = F70282932266D753006A8043 /* Project object */;
			proxyType = 1;
			remoteGlobalIDString = F702829A2266D753006A8043;
			remoteInfo = "iOS-Engineering";
		};
/* End PBXContainerItemProxy section */

/* Begin PBXCopyFilesBuildPhase section */
		F7DF48F323C5BDBB00008210 /* Embed Frameworks */ = {
			isa = PBXCopyFilesBuildPhase;
			buildActionMask = 2147483647;
			dstPath = "";
			dstSubfolderSpec = 10;
			files = (
				F7BE202024346E330054C56D /* DynamicLib.framework in Embed Frameworks */,
				F7BE202324346E390054C56D /* StaticFramework.framework in Embed Frameworks */,
			);
			name = "Embed Frameworks";
			runOnlyForDeploymentPostprocessing = 0;
		};
/* End PBXCopyFilesBuildPhase section */

/* Begin PBXFileReference section */
		06623B1128429DBE5471113A /* libPods-iOS-Engineering.a */ = {isa = PBXFileReference; explicitFileType = archive.ar; includeInIndex = 0; path = "libPods-iOS-Engineering.a"; sourceTree = BUILT_PRODUCTS_DIR; };
		0813134D529BF4F335F4F371 /* Pods-iOS-EngineeringTests.debug.xcconfig */ = {isa = PBXFileReference; includeInIndex = 1; lastKnownFileType = text.xcconfig; name = "Pods-iOS-EngineeringTests.debug.xcconfig"; path = "Pods/Target Support Files/Pods-iOS-EngineeringTests/Pods-iOS-EngineeringTests.debug.xcconfig"; sourceTree = "<group>"; };
		0FD0EB62E5DA9DBC827039B5 /* Pods-iOS-EngineeringUITests.debug.xcconfig */ = {isa = PBXFileReference; includeInIndex = 1; lastKnownFileType = text.xcconfig; name = "Pods-iOS-EngineeringUITests.debug.xcconfig"; path = "Pods/Target Support Files/Pods-iOS-EngineeringUITests/Pods-iOS-EngineeringUITests.debug.xcconfig"; sourceTree = "<group>"; };
		29231D6CA0570B63ABAF79AC /* Pods-iOS-Engineering.release.xcconfig */ = {isa = PBXFileReference; includeInIndex = 1; lastKnownFileType = text.xcconfig; name = "Pods-iOS-Engineering.release.xcconfig"; path = "Pods/Target Support Files/Pods-iOS-Engineering/Pods-iOS-Engineering.release.xcconfig"; sourceTree = "<group>"; };
		752E03236ED414BB026F546F /* libPods-iOS-EngineeringTests.a */ = {isa = PBXFileReference; explicitFileType = archive.ar; includeInIndex = 0; path = "libPods-iOS-EngineeringTests.a"; sourceTree = BUILT_PRODUCTS_DIR; };
		9D2245B4374A00232C2C8745 /* Pods-iOS-EngineeringTests.release.xcconfig */ = {isa = PBXFileReference; includeInIndex = 1; lastKnownFileType = text.xcconfig; name = "Pods-iOS-EngineeringTests.release.xcconfig"; path = "Pods/Target Support Files/Pods-iOS-EngineeringTests/Pods-iOS-EngineeringTests.release.xcconfig"; sourceTree = "<group>"; };
		A0CF33CCE809D6A9D91531A9 /* libPods-iOS-EngineeringUITests.a */ = {isa = PBXFileReference; explicitFileType = archive.ar; includeInIndex = 0; path = "libPods-iOS-EngineeringUITests.a"; sourceTree = BUILT_PRODUCTS_DIR; };
		BA81B18B678E074F92F091E3 /* Pods-iOS-Engineering.debug.xcconfig */ = {isa = PBXFileReference; includeInIndex = 1; lastKnownFileType = text.xcconfig; name = "Pods-iOS-Engineering.debug.xcconfig"; path = "Pods/Target Support Files/Pods-iOS-Engineering/Pods-iOS-Engineering.debug.xcconfig"; sourceTree = "<group>"; };
		D4130A6D5B8092D874E44AA5 /* Pods-iOS-EngineeringUITests.release.xcconfig */ = {isa = PBXFileReference; includeInIndex = 1; lastKnownFileType = text.xcconfig; name = "Pods-iOS-EngineeringUITests.release.xcconfig"; path = "Pods/Target Support Files/Pods-iOS-EngineeringUITests/Pods-iOS-EngineeringUITests.release.xcconfig"; sourceTree = "<group>"; };
		F70277E723B5E9D300598E5D /* UIView+trickPoint.m */ = {isa = PBXFileReference; fileEncoding = 4; lastKnownFileType = sourcecode.c.objc; path = "UIView+trickPoint.m"; sourceTree = "<group>"; };
		F70277E823B5E9D300598E5D /* UIView+trickPoint.h */ = {isa = PBXFileReference; fileEncoding = 4; lastKnownFileType = sourcecode.c.h; path = "UIView+trickPoint.h"; sourceTree = "<group>"; };
		F70277EB23B5EDED00598E5D /* LearnCalayer.h */ = {isa = PBXFileReference; lastKnownFileType = sourcecode.c.h; path = LearnCalayer.h; sourceTree = "<group>"; };
		F70277EC23B5EDED00598E5D /* LearnCalayer.m */ = {isa = PBXFileReference; lastKnownFileType = sourcecode.c.objc; path = LearnCalayer.m; sourceTree = "<group>"; };
		F702829B2266D753006A8043 /* iOS-Engineering.app */ = {isa = PBXFileReference; explicitFileType = wrapper.application; includeInIndex = 0; path = "iOS-Engineering.app"; sourceTree = BUILT_PRODUCTS_DIR; };
		F702829E2266D753006A8043 /* AppDelegate.h */ = {isa = PBXFileReference; lastKnownFileType = sourcecode.c.h; path = AppDelegate.h; sourceTree = "<group>"; };
		F702829F2266D753006A8043 /* AppDelegate.m */ = {isa = PBXFileReference; lastKnownFileType = sourcecode.c.objc; path = AppDelegate.m; sourceTree = "<group>"; };
		F70282A12266D753006A8043 /* ViewController.h */ = {isa = PBXFileReference; lastKnownFileType = sourcecode.c.h; path = ViewController.h; sourceTree = "<group>"; };
		F70282A22266D753006A8043 /* ViewController.m */ = {isa = PBXFileReference; lastKnownFileType = sourcecode.c.objc; path = ViewController.m; sourceTree = "<group>"; };
		F70282A52266D753006A8043 /* Base */ = {isa = PBXFileReference; lastKnownFileType = file.storyboard; name = Base; path = Base.lproj/Main.storyboard; sourceTree = "<group>"; };
		F70282A72266D754006A8043 /* Assets.xcassets */ = {isa = PBXFileReference; lastKnownFileType = folder.assetcatalog; path = Assets.xcassets; sourceTree = "<group>"; };
		F70282AA2266D754006A8043 /* Base */ = {isa = PBXFileReference; lastKnownFileType = file.storyboard; name = Base; path = Base.lproj/LaunchScreen.storyboard; sourceTree = "<group>"; };
		F70282AC2266D754006A8043 /* Info.plist */ = {isa = PBXFileReference; lastKnownFileType = text.plist.xml; path = Info.plist; sourceTree = "<group>"; };
		F70282AD2266D754006A8043 /* main.m */ = {isa = PBXFileReference; lastKnownFileType = sourcecode.c.objc; path = main.m; sourceTree = "<group>"; };
		F70282B32266D754006A8043 /* iOS-EngineeringTests.xctest */ = {isa = PBXFileReference; explicitFileType = wrapper.cfbundle; includeInIndex = 0; path = "iOS-EngineeringTests.xctest"; sourceTree = BUILT_PRODUCTS_DIR; };
		F70282B72266D754006A8043 /* iOS_EngineeringTests.m */ = {isa = PBXFileReference; lastKnownFileType = sourcecode.c.objc; path = iOS_EngineeringTests.m; sourceTree = "<group>"; };
		F70282B92266D754006A8043 /* Info.plist */ = {isa = PBXFileReference; lastKnownFileType = text.plist.xml; path = Info.plist; sourceTree = "<group>"; };
		F70282BE2266D754006A8043 /* iOS-EngineeringUITests.xctest */ = {isa = PBXFileReference; explicitFileType = wrapper.cfbundle; includeInIndex = 0; path = "iOS-EngineeringUITests.xctest"; sourceTree = BUILT_PRODUCTS_DIR; };
		F70282C22266D754006A8043 /* iOS_EngineeringUITests.m */ = {isa = PBXFileReference; lastKnownFileType = sourcecode.c.objc; path = iOS_EngineeringUITests.m; sourceTree = "<group>"; };
		F70282C42266D754006A8043 /* Info.plist */ = {isa = PBXFileReference; lastKnownFileType = text.plist.xml; path = Info.plist; sourceTree = "<group>"; };
		F740CCF122B9D69100F92DAA /* DelayImageDto.h */ = {isa = PBXFileReference; lastKnownFileType = sourcecode.c.h; path = DelayImageDto.h; sourceTree = "<group>"; };
		F740CCF222B9D69100F92DAA /* DelayImageDto.m */ = {isa = PBXFileReference; lastKnownFileType = sourcecode.c.objc; path = DelayImageDto.m; sourceTree = "<group>"; };
		F740CCF422B9D8E100F92DAA /* DelayImage.h */ = {isa = PBXFileReference; lastKnownFileType = sourcecode.c.h; path = DelayImage.h; sourceTree = "<group>"; };
		F740CCF522B9D8E100F92DAA /* DelayImage.m */ = {isa = PBXFileReference; lastKnownFileType = sourcecode.c.objc; path = DelayImage.m; sourceTree = "<group>"; };
		F7BE201E24346E330054C56D /* DynamicLib.framework */ = {isa = PBXFileReference; explicitFileType = wrapper.framework; path = DynamicLib.framework; sourceTree = BUILT_PRODUCTS_DIR; };
		F7BE202124346E390054C56D /* StaticFramework.framework */ = {isa = PBXFileReference; explicitFileType = wrapper.framework; path = StaticFramework.framework; sourceTree = BUILT_PRODUCTS_DIR; };
		F7BE20242434760C0054C56D /* HitView.h */ = {isa = PBXFileReference; lastKnownFileType = sourcecode.c.h; path = HitView.h; sourceTree = "<group>"; };
		F7BE20252434760C0054C56D /* HitView.m */ = {isa = PBXFileReference; lastKnownFileType = sourcecode.c.objc; path = HitView.m; sourceTree = "<group>"; };
		F7BE20272434873C0054C56D /* MyApplication.h */ = {isa = PBXFileReference; lastKnownFileType = sourcecode.c.h; path = MyApplication.h; sourceTree = "<group>"; };
		F7BE20282434873C0054C56D /* MyApplication.m */ = {isa = PBXFileReference; lastKnownFileType = sourcecode.c.objc; path = MyApplication.m; sourceTree = "<group>"; };
		F7C8A2E92435D06900DC9EC8 /* EmptyView.h */ = {isa = PBXFileReference; lastKnownFileType = sourcecode.c.h; path = EmptyView.h; sourceTree = "<group>"; };
		F7C8A2EA2435D06900DC9EC8 /* EmptyView.m */ = {isa = PBXFileReference; lastKnownFileType = sourcecode.c.objc; path = EmptyView.m; sourceTree = "<group>"; };
/* End PBXFileReference section */

/* Begin PBXFrameworksBuildPhase section */
		F70282982266D753006A8043 /* Frameworks */ = {
			isa = PBXFrameworksBuildPhase;
			buildActionMask = 2147483647;
			files = (
				F7BE201F24346E330054C56D /* DynamicLib.framework in Frameworks */,
				F7BE202224346E390054C56D /* StaticFramework.framework in Frameworks */,
				82A192AA1684F61FCF432E71 /* libPods-iOS-Engineering.a in Frameworks */,
			);
			runOnlyForDeploymentPostprocessing = 0;
		};
		F70282B02266D754006A8043 /* Frameworks */ = {
			isa = PBXFrameworksBuildPhase;
			buildActionMask = 2147483647;
			files = (
				5D35B9EFA3B3B4C2BD0165EB /* libPods-iOS-EngineeringTests.a in Frameworks */,
			);
			runOnlyForDeploymentPostprocessing = 0;
		};
		F70282BB2266D754006A8043 /* Frameworks */ = {
			isa = PBXFrameworksBuildPhase;
			buildActionMask = 2147483647;
			files = (
				C9F2680CF5DE2EDC82F70193 /* libPods-iOS-EngineeringUITests.a in Frameworks */,
			);
			runOnlyForDeploymentPostprocessing = 0;
		};
/* End PBXFrameworksBuildPhase section */

/* Begin PBXGroup section */
		49CDD9E8623EE940B7C7C52C /* Pods */ = {
			isa = PBXGroup;
			children = (
				BA81B18B678E074F92F091E3 /* Pods-iOS-Engineering.debug.xcconfig */,
				29231D6CA0570B63ABAF79AC /* Pods-iOS-Engineering.release.xcconfig */,
				0813134D529BF4F335F4F371 /* Pods-iOS-EngineeringTests.debug.xcconfig */,
				9D2245B4374A00232C2C8745 /* Pods-iOS-EngineeringTests.release.xcconfig */,
				0FD0EB62E5DA9DBC827039B5 /* Pods-iOS-EngineeringUITests.debug.xcconfig */,
				D4130A6D5B8092D874E44AA5 /* Pods-iOS-EngineeringUITests.release.xcconfig */,
			);
			name = Pods;
			sourceTree = "<group>";
		};
		D1B9ED78E3A2BDD4FB26A027 /* Frameworks */ = {
			isa = PBXGroup;
			children = (
				F7BE202124346E390054C56D /* StaticFramework.framework */,
				F7BE201E24346E330054C56D /* DynamicLib.framework */,
				06623B1128429DBE5471113A /* libPods-iOS-Engineering.a */,
				752E03236ED414BB026F546F /* libPods-iOS-EngineeringTests.a */,
				A0CF33CCE809D6A9D91531A9 /* libPods-iOS-EngineeringUITests.a */,
			);
			name = Frameworks;
			sourceTree = "<group>";
		};
		F70277E623B5E57600598E5D /* EagleEye */ = {
			isa = PBXGroup;
			children = (
				F70277E823B5E9D300598E5D /* UIView+trickPoint.h */,
				F70277E723B5E9D300598E5D /* UIView+trickPoint.m */,
			);
			path = EagleEye;
			sourceTree = "<group>";
		};
		F70277EA23B5EC7000598E5D /* CalayerAbout */ = {
			isa = PBXGroup;
			children = (
				F70277EB23B5EDED00598E5D /* LearnCalayer.h */,
				F70277EC23B5EDED00598E5D /* LearnCalayer.m */,
			);
			path = CalayerAbout;
			sourceTree = "<group>";
		};
		F70282922266D753006A8043 = {
			isa = PBXGroup;
			children = (
				F702829D2266D753006A8043 /* iOS-Engineering */,
				F70282B62266D754006A8043 /* iOS-EngineeringTests */,
				F70282C12266D754006A8043 /* iOS-EngineeringUITests */,
				F702829C2266D753006A8043 /* Products */,
				49CDD9E8623EE940B7C7C52C /* Pods */,
				D1B9ED78E3A2BDD4FB26A027 /* Frameworks */,
			);
			sourceTree = "<group>";
		};
		F702829C2266D753006A8043 /* Products */ = {
			isa = PBXGroup;
			children = (
				F702829B2266D753006A8043 /* iOS-Engineering.app */,
				F70282B32266D754006A8043 /* iOS-EngineeringTests.xctest */,
				F70282BE2266D754006A8043 /* iOS-EngineeringUITests.xctest */,
			);
			name = Products;
			sourceTree = "<group>";
		};
		F702829D2266D753006A8043 /* iOS-Engineering */ = {
			isa = PBXGroup;
			children = (
				F740CCEF22B9D61F00F92DAA /* TempComponents */,
				F702829E2266D753006A8043 /* AppDelegate.h */,
				F702829F2266D753006A8043 /* AppDelegate.m */,
				F7BE20272434873C0054C56D /* MyApplication.h */,
				F7BE20282434873C0054C56D /* MyApplication.m */,
				F70282A12266D753006A8043 /* ViewController.h */,
				F70282A22266D753006A8043 /* ViewController.m */,
				F7BE20242434760C0054C56D /* HitView.h */,
				F7BE20252434760C0054C56D /* HitView.m */,
				F7C8A2E92435D06900DC9EC8 /* EmptyView.h */,
				F7C8A2EA2435D06900DC9EC8 /* EmptyView.m */,
				F70282A42266D753006A8043 /* Main.storyboard */,
				F70282A72266D754006A8043 /* Assets.xcassets */,
				F70282A92266D754006A8043 /* LaunchScreen.storyboard */,
				F70282AC2266D754006A8043 /* Info.plist */,
				F70282AD2266D754006A8043 /* main.m */,
			);
			path = "iOS-Engineering";
			sourceTree = "<group>";
		};
		F70282B62266D754006A8043 /* iOS-EngineeringTests */ = {
			isa = PBXGroup;
			children = (
				F70282B72266D754006A8043 /* iOS_EngineeringTests.m */,
				F70282B92266D754006A8043 /* Info.plist */,
			);
			path = "iOS-EngineeringTests";
			sourceTree = "<group>";
		};
		F70282C12266D754006A8043 /* iOS-EngineeringUITests */ = {
			isa = PBXGroup;
			children = (
				F70282C22266D754006A8043 /* iOS_EngineeringUITests.m */,
				F70282C42266D754006A8043 /* Info.plist */,
			);
			path = "iOS-EngineeringUITests";
			sourceTree = "<group>";
		};
		F740CCEF22B9D61F00F92DAA /* TempComponents */ = {
			isa = PBXGroup;
			children = (
				F70277EA23B5EC7000598E5D /* CalayerAbout */,
				F70277E623B5E57600598E5D /* EagleEye */,
				F740CCF022B9D63B00F92DAA /* DelayImage */,
			);
			path = TempComponents;
			sourceTree = "<group>";
		};
		F740CCF022B9D63B00F92DAA /* DelayImage */ = {
			isa = PBXGroup;
			children = (
				F740CCF122B9D69100F92DAA /* DelayImageDto.h */,
				F740CCF222B9D69100F92DAA /* DelayImageDto.m */,
				F740CCF422B9D8E100F92DAA /* DelayImage.h */,
				F740CCF522B9D8E100F92DAA /* DelayImage.m */,
			);
			path = DelayImage;
			sourceTree = "<group>";
		};
/* End PBXGroup section */

/* Begin PBXNativeTarget section */
		F702829A2266D753006A8043 /* iOS-Engineering */ = {
			isa = PBXNativeTarget;
			buildConfigurationList = F70282C72266D754006A8043 /* Build configuration list for PBXNativeTarget "iOS-Engineering" */;
			buildPhases = (
				727B003429796A43A0A83731 /* [CP] Check Pods Manifest.lock */,
				F70282972266D753006A8043 /* Sources */,
				F70282982266D753006A8043 /* Frameworks */,
				F70282992266D753006A8043 /* Resources */,
				F7DF48F323C5BDBB00008210 /* Embed Frameworks */,
			);
			buildRules = (
			);
			dependencies = (
			);
			name = "iOS-Engineering";
			productName = "iOS-Engineering";
			productReference = F702829B2266D753006A8043 /* iOS-Engineering.app */;
			productType = "com.apple.product-type.application";
		};
		F70282B22266D754006A8043 /* iOS-EngineeringTests */ = {
			isa = PBXNativeTarget;
			buildConfigurationList = F70282CA2266D754006A8043 /* Build configuration list for PBXNativeTarget "iOS-EngineeringTests" */;
			buildPhases = (
				8A779B123422ABF984AD9D16 /* [CP] Check Pods Manifest.lock */,
				F70282AF2266D754006A8043 /* Sources */,
				F70282B02266D754006A8043 /* Frameworks */,
				F70282B12266D754006A8043 /* Resources */,
			);
			buildRules = (
			);
			dependencies = (
				F70282B52266D754006A8043 /* PBXTargetDependency */,
			);
			name = "iOS-EngineeringTests";
			productName = "iOS-EngineeringTests";
			productReference = F70282B32266D754006A8043 /* iOS-EngineeringTests.xctest */;
			productType = "com.apple.product-type.bundle.unit-test";
		};
		F70282BD2266D754006A8043 /* iOS-EngineeringUITests */ = {
			isa = PBXNativeTarget;
			buildConfigurationList = F70282CD2266D754006A8043 /* Build configuration list for PBXNativeTarget "iOS-EngineeringUITests" */;
			buildPhases = (
				050D96559499348CA908F2D8 /* [CP] Check Pods Manifest.lock */,
				F70282BA2266D754006A8043 /* Sources */,
				F70282BB2266D754006A8043 /* Frameworks */,
				F70282BC2266D754006A8043 /* Resources */,
			);
			buildRules = (
			);
			dependencies = (
				F70282C02266D754006A8043 /* PBXTargetDependency */,
			);
			name = "iOS-EngineeringUITests";
			productName = "iOS-EngineeringUITests";
			productReference = F70282BE2266D754006A8043 /* iOS-EngineeringUITests.xctest */;
			productType = "com.apple.product-type.bundle.ui-testing";
		};
/* End PBXNativeTarget section */

/* Begin PBXProject section */
		F70282932266D753006A8043 /* Project object */ = {
			isa = PBXProject;
			attributes = {
				LastUpgradeCheck = 1010;
				ORGANIZATIONNAME = sn_zjs;
				TargetAttributes = {
					F702829A2266D753006A8043 = {
						CreatedOnToolsVersion = 10.1;
					};
					F70282B22266D754006A8043 = {
						CreatedOnToolsVersion = 10.1;
						TestTargetID = F702829A2266D753006A8043;
					};
					F70282BD2266D754006A8043 = {
						CreatedOnToolsVersion = 10.1;
						TestTargetID = F702829A2266D753006A8043;
					};
				};
			};
			buildConfigurationList = F70282962266D753006A8043 /* Build configuration list for PBXProject "iOS-Engineering" */;
			compatibilityVersion = "Xcode 9.3";
			developmentRegion = en;
			hasScannedForEncodings = 0;
			knownRegions = (
				en,
				Base,
			);
			mainGroup = F70282922266D753006A8043;
			productRefGroup = F702829C2266D753006A8043 /* Products */;
			projectDirPath = "";
			projectRoot = "";
			targets = (
				F702829A2266D753006A8043 /* iOS-Engineering */,
				F70282B22266D754006A8043 /* iOS-EngineeringTests */,
				F70282BD2266D754006A8043 /* iOS-EngineeringUITests */,
			);
		};
/* End PBXProject section */

/* Begin PBXResourcesBuildPhase section */
		F70282992266D753006A8043 /* Resources */ = {
			isa = PBXResourcesBuildPhase;
			buildActionMask = 2147483647;
			files = (
				F70282AB2266D754006A8043 /* LaunchScreen.storyboard in Resources */,
				F70282A82266D754006A8043 /* Assets.xcassets in Resources */,
				F70282A62266D753006A8043 /* Main.storyboard in Resources */,
			);
			runOnlyForDeploymentPostprocessing = 0;
		};
		F70282B12266D754006A8043 /* Resources */ = {
			isa = PBXResourcesBuildPhase;
			buildActionMask = 2147483647;
			files = (
			);
			runOnlyForDeploymentPostprocessing = 0;
		};
		F70282BC2266D754006A8043 /* Resources */ = {
			isa = PBXResourcesBuildPhase;
			buildActionMask = 2147483647;
			files = (
			);
			runOnlyForDeploymentPostprocessing = 0;
		};
/* End PBXResourcesBuildPhase section */

/* Begin PBXShellScriptBuildPhase section */
		050D96559499348CA908F2D8 /* [CP] Check Pods Manifest.lock */ = {
			isa = PBXShellScriptBuildPhase;
			buildActionMask = 2147483647;
			files = (
			);
			inputPaths = (
				"${PODS_PODFILE_DIR_PATH}/Podfile.lock",
				"${PODS_ROOT}/Manifest.lock",
			);
			name = "[CP] Check Pods Manifest.lock";
			outputPaths = (
				"$(DERIVED_FILE_DIR)/Pods-iOS-EngineeringUITests-checkManifestLockResult.txt",
			);
			runOnlyForDeploymentPostprocessing = 0;
			shellPath = /bin/sh;
			shellScript = "diff \"${PODS_PODFILE_DIR_PATH}/Podfile.lock\" \"${PODS_ROOT}/Manifest.lock\" > /dev/null\nif [ $? != 0 ] ; then\n    # print error to STDERR\n    echo \"error: The sandbox is not in sync with the Podfile.lock. Run 'pod install' or update your CocoaPods installation.\" >&2\n    exit 1\nfi\n# This output is used by Xcode 'outputs' to avoid re-running this script phase.\necho \"SUCCESS\" > \"${SCRIPT_OUTPUT_FILE_0}\"\n";
			showEnvVarsInLog = 0;
		};
		727B003429796A43A0A83731 /* [CP] Check Pods Manifest.lock */ = {
			isa = PBXShellScriptBuildPhase;
			buildActionMask = 2147483647;
			files = (
			);
			inputPaths = (
				"${PODS_PODFILE_DIR_PATH}/Podfile.lock",
				"${PODS_ROOT}/Manifest.lock",
			);
			name = "[CP] Check Pods Manifest.lock";
			outputPaths = (
				"$(DERIVED_FILE_DIR)/Pods-iOS-Engineering-checkManifestLockResult.txt",
			);
			runOnlyForDeploymentPostprocessing = 0;
			shellPath = /bin/sh;
			shellScript = "diff \"${PODS_PODFILE_DIR_PATH}/Podfile.lock\" \"${PODS_ROOT}/Manifest.lock\" > /dev/null\nif [ $? != 0 ] ; then\n    # print error to STDERR\n    echo \"error: The sandbox is not in sync with the Podfile.lock. Run 'pod install' or update your CocoaPods installation.\" >&2\n    exit 1\nfi\n# This output is used by Xcode 'outputs' to avoid re-running this script phase.\necho \"SUCCESS\" > \"${SCRIPT_OUTPUT_FILE_0}\"\n";
			showEnvVarsInLog = 0;
		};
		8A779B123422ABF984AD9D16 /* [CP] Check Pods Manifest.lock */ = {
			isa = PBXShellScriptBuildPhase;
			buildActionMask = 2147483647;
			files = (
			);
			inputPaths = (
				"${PODS_PODFILE_DIR_PATH}/Podfile.lock",
				"${PODS_ROOT}/Manifest.lock",
			);
			name = "[CP] Check Pods Manifest.lock";
			outputPaths = (
				"$(DERIVED_FILE_DIR)/Pods-iOS-EngineeringTests-checkManifestLockResult.txt",
			);
			runOnlyForDeploymentPostprocessing = 0;
			shellPath = /bin/sh;
			shellScript = "diff \"${PODS_PODFILE_DIR_PATH}/Podfile.lock\" \"${PODS_ROOT}/Manifest.lock\" > /dev/null\nif [ $? != 0 ] ; then\n    # print error to STDERR\n    echo \"error: The sandbox is not in sync with the Podfile.lock. Run 'pod install' or update your CocoaPods installation.\" >&2\n    exit 1\nfi\n# This output is used by Xcode 'outputs' to avoid re-running this script phase.\necho \"SUCCESS\" > \"${SCRIPT_OUTPUT_FILE_0}\"\n";
			showEnvVarsInLog = 0;
		};
/* End PBXShellScriptBuildPhase section */

/* Begin PBXSourcesBuildPhase section */
		F70282972266D753006A8043 /* Sources */ = {
			isa = PBXSourcesBuildPhase;
			buildActionMask = 2147483647;
			files = (
				F70282A32266D753006A8043 /* ViewController.m in Sources */,
				F70277E923B5E9D300598E5D /* UIView+trickPoint.m in Sources */,
				F740CCF622B9D8E100F92DAA /* DelayImage.m in Sources */,
				F70277ED23B5EDED00598E5D /* LearnCalayer.m in Sources */,
				F7C8A2EB2435D06900DC9EC8 /* EmptyView.m in Sources */,
				F7BE20262434760C0054C56D /* HitView.m in Sources */,
				F70282AE2266D754006A8043 /* main.m in Sources */,
				F7BE20292434873C0054C56D /* MyApplication.m in Sources */,
				F740CCF322B9D69100F92DAA /* DelayImageDto.m in Sources */,
				F70282A02266D753006A8043 /* AppDelegate.m in Sources */,
			);
			runOnlyForDeploymentPostprocessing = 0;
		};
		F70282AF2266D754006A8043 /* Sources */ = {
			isa = PBXSourcesBuildPhase;
			buildActionMask = 2147483647;
			files = (
				F70282B82266D754006A8043 /* iOS_EngineeringTests.m in Sources */,
			);
			runOnlyForDeploymentPostprocessing = 0;
		};
		F70282BA2266D754006A8043 /* Sources */ = {
			isa = PBXSourcesBuildPhase;
			buildActionMask = 2147483647;
			files = (
				F70282C32266D754006A8043 /* iOS_EngineeringUITests.m in Sources */,
			);
			runOnlyForDeploymentPostprocessing = 0;
		};
/* End PBXSourcesBuildPhase section */

/* Begin PBXTargetDependency section */
		F70282B52266D754006A8043 /* PBXTargetDependency */ = {
			isa = PBXTargetDependency;
			target = F702829A2266D753006A8043 /* iOS-Engineering */;
			targetProxy = F70282B42266D754006A8043 /* PBXContainerItemProxy */;
		};
		F70282C02266D754006A8043 /* PBXTargetDependency */ = {
			isa = PBXTargetDependency;
			target = F702829A2266D753006A8043 /* iOS-Engineering */;
			targetProxy = F70282BF2266D754006A8043 /* PBXContainerItemProxy */;
		};
/* End PBXTargetDependency section */

/* Begin PBXVariantGroup section */
		F70282A42266D753006A8043 /* Main.storyboard */ = {
			isa = PBXVariantGroup;
			children = (
				F70282A52266D753006A8043 /* Base */,
			);
			name = Main.storyboard;
			sourceTree = "<group>";
		};
		F70282A92266D754006A8043 /* LaunchScreen.storyboard */ = {
			isa = PBXVariantGroup;
			children = (
				F70282AA2266D754006A8043 /* Base */,
			);
			name = LaunchScreen.storyboard;
			sourceTree = "<group>";
		};
/* End PBXVariantGroup section */

/* Begin XCBuildConfiguration section */
		F70282C52266D754006A8043 /* Debug */ = {
			isa = XCBuildConfiguration;
			buildSettings = {
				ALWAYS_SEARCH_USER_PATHS = NO;
				CLANG_ANALYZER_NONNULL = YES;
				CLANG_ANALYZER_NUMBER_OBJECT_CONVERSION = YES_AGGRESSIVE;
				CLANG_CXX_LANGUAGE_STANDARD = "gnu++14";
				CLANG_CXX_LIBRARY = "libc++";
				CLANG_ENABLE_MODULES = YES;
				CLANG_ENABLE_OBJC_ARC = YES;
				CLANG_ENABLE_OBJC_WEAK = YES;
				CLANG_WARN_BLOCK_CAPTURE_AUTORELEASING = YES;
				CLANG_WARN_BOOL_CONVERSION = YES;
				CLANG_WARN_COMMA = YES;
				CLANG_WARN_CONSTANT_CONVERSION = YES;
				CLANG_WARN_DEPRECATED_OBJC_IMPLEMENTATIONS = YES;
				CLANG_WARN_DIRECT_OBJC_ISA_USAGE = YES_ERROR;
				CLANG_WARN_DOCUMENTATION_COMMENTS = YES;
				CLANG_WARN_EMPTY_BODY = YES;
				CLANG_WARN_ENUM_CONVERSION = YES;
				CLANG_WARN_INFINITE_RECURSION = YES;
				CLANG_WARN_INT_CONVERSION = YES;
				CLANG_WARN_NON_LITERAL_NULL_CONVERSION = YES;
				CLANG_WARN_OBJC_IMPLICIT_RETAIN_SELF = YES;
				CLANG_WARN_OBJC_LITERAL_CONVERSION = YES;
				CLANG_WARN_OBJC_ROOT_CLASS = YES_ERROR;
				CLANG_WARN_RANGE_LOOP_ANALYSIS = YES;
				CLANG_WARN_STRICT_PROTOTYPES = YES;
				CLANG_WARN_SUSPICIOUS_MOVE = YES;
				CLANG_WARN_UNGUARDED_AVAILABILITY = YES_AGGRESSIVE;
				CLANG_WARN_UNREACHABLE_CODE = YES;
				CLANG_WARN__DUPLICATE_METHOD_MATCH = YES;
				CODE_SIGN_IDENTITY = "iPhone Developer";
				COPY_PHASE_STRIP = NO;
				DEBUG_INFORMATION_FORMAT = dwarf;
				ENABLE_STRICT_OBJC_MSGSEND = YES;
				ENABLE_TESTABILITY = YES;
				GCC_C_LANGUAGE_STANDARD = gnu11;
				GCC_DYNAMIC_NO_PIC = NO;
				GCC_NO_COMMON_BLOCKS = YES;
				GCC_OPTIMIZATION_LEVEL = 0;
				GCC_PREPROCESSOR_DEFINITIONS = (
					"DEBUG=1",
					"$(inherited)",
				);
				GCC_WARN_64_TO_32_BIT_CONVERSION = YES;
				GCC_WARN_ABOUT_RETURN_TYPE = YES_ERROR;
				GCC_WARN_UNDECLARED_SELECTOR = YES;
				GCC_WARN_UNINITIALIZED_AUTOS = YES_AGGRESSIVE;
				GCC_WARN_UNUSED_FUNCTION = YES;
				GCC_WARN_UNUSED_VARIABLE = YES;
				IPHONEOS_DEPLOYMENT_TARGET = 12.1;
				MTL_ENABLE_DEBUG_INFO = INCLUDE_SOURCE;
				MTL_FAST_MATH = YES;
				ONLY_ACTIVE_ARCH = YES;
				SDKROOT = iphoneos;
			};
			name = Debug;
		};
		F70282C62266D754006A8043 /* Release */ = {
			isa = XCBuildConfiguration;
			buildSettings = {
				ALWAYS_SEARCH_USER_PATHS = NO;
				CLANG_ANALYZER_NONNULL = YES;
				CLANG_ANALYZER_NUMBER_OBJECT_CONVERSION = YES_AGGRESSIVE;
				CLANG_CXX_LANGUAGE_STANDARD = "gnu++14";
				CLANG_CXX_LIBRARY = "libc++";
				CLANG_ENABLE_MODULES = YES;
				CLANG_ENABLE_OBJC_ARC = YES;
				CLANG_ENABLE_OBJC_WEAK = YES;
				CLANG_WARN_BLOCK_CAPTURE_AUTORELEASING = YES;
				CLANG_WARN_BOOL_CONVERSION = YES;
				CLANG_WARN_COMMA = YES;
				CLANG_WARN_CONSTANT_CONVERSION = YES;
				CLANG_WARN_DEPRECATED_OBJC_IMPLEMENTATIONS = YES;
				CLANG_WARN_DIRECT_OBJC_ISA_USAGE = YES_ERROR;
				CLANG_WARN_DOCUMENTATION_COMMENTS = YES;
				CLANG_WARN_EMPTY_BODY = YES;
				CLANG_WARN_ENUM_CONVERSION = YES;
				CLANG_WARN_INFINITE_RECURSION = YES;
				CLANG_WARN_INT_CONVERSION = YES;
				CLANG_WARN_NON_LITERAL_NULL_CONVERSION = YES;
				CLANG_WARN_OBJC_IMPLICIT_RETAIN_SELF = YES;
				CLANG_WARN_OBJC_LITERAL_CONVERSION = YES;
				CLANG_WARN_OBJC_ROOT_CLASS = YES_ERROR;
				CLANG_WARN_RANGE_LOOP_ANALYSIS = YES;
				CLANG_WARN_STRICT_PROTOTYPES = YES;
				CLANG_WARN_SUSPICIOUS_MOVE = YES;
				CLANG_WARN_UNGUARDED_AVAILABILITY = YES_AGGRESSIVE;
				CLANG_WARN_UNREACHABLE_CODE = YES;
				CLANG_WARN__DUPLICATE_METHOD_MATCH = YES;
				CODE_SIGN_IDENTITY = "iPhone Developer";
				COPY_PHASE_STRIP = NO;
				DEBUG_INFORMATION_FORMAT = "dwarf-with-dsym";
				ENABLE_NS_ASSERTIONS = NO;
				ENABLE_STRICT_OBJC_MSGSEND = YES;
				GCC_C_LANGUAGE_STANDARD = gnu11;
				GCC_NO_COMMON_BLOCKS = YES;
				GCC_WARN_64_TO_32_BIT_CONVERSION = YES;
				GCC_WARN_ABOUT_RETURN_TYPE = YES_ERROR;
				GCC_WARN_UNDECLARED_SELECTOR = YES;
				GCC_WARN_UNINITIALIZED_AUTOS = YES_AGGRESSIVE;
				GCC_WARN_UNUSED_FUNCTION = YES;
				GCC_WARN_UNUSED_VARIABLE = YES;
				IPHONEOS_DEPLOYMENT_TARGET = 12.1;
				MTL_ENABLE_DEBUG_INFO = NO;
				MTL_FAST_MATH = YES;
				SDKROOT = iphoneos;
				VALIDATE_PRODUCT = YES;
			};
			name = Release;
		};
		F70282C82266D754006A8043 /* Debug */ = {
			isa = XCBuildConfiguration;
			baseConfigurationReference = BA81B18B678E074F92F091E3 /* Pods-iOS-Engineering.debug.xcconfig */;
			buildSettings = {
				ASSETCATALOG_COMPILER_APPICON_NAME = AppIcon;
				CODE_SIGN_STYLE = Automatic;
				DEVELOPMENT_TEAM = GN9RV4RK7D;
				FRAMEWORK_SEARCH_PATHS = (
					"$(inherited)",
					"$(PROJECT_DIR)/iOS-Engineering",
				);
				INFOPLIST_FILE = "iOS-Engineering/Info.plist";
				LD_RUNPATH_SEARCH_PATHS = (
					"$(inherited)",
					"@executable_path/Frameworks",
				);
				PRODUCT_BUNDLE_IDENTIFIER = "com.zjs.666.iOS-Engineering";
				PRODUCT_NAME = "$(TARGET_NAME)";
				TARGETED_DEVICE_FAMILY = "1,2";
			};
			name = Debug;
		};
		F70282C92266D754006A8043 /* Release */ = {
			isa = XCBuildConfiguration;
			baseConfigurationReference = 29231D6CA0570B63ABAF79AC /* Pods-iOS-Engineering.release.xcconfig */;
			buildSettings = {
				ASSETCATALOG_COMPILER_APPICON_NAME = AppIcon;
				CODE_SIGN_STYLE = Automatic;
				DEVELOPMENT_TEAM = GN9RV4RK7D;
				FRAMEWORK_SEARCH_PATHS = (
					"$(inherited)",
					"$(PROJECT_DIR)/iOS-Engineering",
				);
				INFOPLIST_FILE = "iOS-Engineering/Info.plist";
				LD_RUNPATH_SEARCH_PATHS = (
					"$(inherited)",
					"@executable_path/Frameworks",
				);
				PRODUCT_BUNDLE_IDENTIFIER = "com.zjs.666.iOS-Engineering";
				PRODUCT_NAME = "$(TARGET_NAME)";
				TARGETED_DEVICE_FAMILY = "1,2";
			};
			name = Release;
		};
		F70282CB2266D754006A8043 /* Debug */ = {
			isa = XCBuildConfiguration;
			baseConfigurationReference = 0813134D529BF4F335F4F371 /* Pods-iOS-EngineeringTests.debug.xcconfig */;
			buildSettings = {
				BUNDLE_LOADER = "$(TEST_HOST)";
				CODE_SIGN_STYLE = Automatic;
				DEVELOPMENT_TEAM = GN9RV4RK7D;
				INFOPLIST_FILE = "iOS-EngineeringTests/Info.plist";
				LD_RUNPATH_SEARCH_PATHS = (
					"$(inherited)",
					"@executable_path/Frameworks",
					"@loader_path/Frameworks",
				);
				PRODUCT_BUNDLE_IDENTIFIER = "com.zjs.666.iOS-EngineeringTests";
				PRODUCT_NAME = "$(TARGET_NAME)";
				TARGETED_DEVICE_FAMILY = "1,2";
				TEST_HOST = "$(BUILT_PRODUCTS_DIR)/iOS-Engineering.app/iOS-Engineering";
			};
			name = Debug;
		};
		F70282CC2266D754006A8043 /* Release */ = {
			isa = XCBuildConfiguration;
			baseConfigurationReference = 9D2245B4374A00232C2C8745 /* Pods-iOS-EngineeringTests.release.xcconfig */;
			buildSettings = {
				BUNDLE_LOADER = "$(TEST_HOST)";
				CODE_SIGN_STYLE = Automatic;
				DEVELOPMENT_TEAM = GN9RV4RK7D;
				INFOPLIST_FILE = "iOS-EngineeringTests/Info.plist";
				LD_RUNPATH_SEARCH_PATHS = (
					"$(inherited)",
					"@executable_path/Frameworks",
					"@loader_path/Frameworks",
				);
				PRODUCT_BUNDLE_IDENTIFIER = "com.zjs.666.iOS-EngineeringTests";
				PRODUCT_NAME = "$(TARGET_NAME)";
				TARGETED_DEVICE_FAMILY = "1,2";
				TEST_HOST = "$(BUILT_PRODUCTS_DIR)/iOS-Engineering.app/iOS-Engineering";
			};
			name = Release;
		};
		F70282CE2266D754006A8043 /* Debug */ = {
			isa = XCBuildConfiguration;
			baseConfigurationReference = 0FD0EB62E5DA9DBC827039B5 /* Pods-iOS-EngineeringUITests.debug.xcconfig */;
			buildSettings = {
				CODE_SIGN_STYLE = Automatic;
				DEVELOPMENT_TEAM = GN9RV4RK7D;
				INFOPLIST_FILE = "iOS-EngineeringUITests/Info.plist";
				LD_RUNPATH_SEARCH_PATHS = (
					"$(inherited)",
					"@executable_path/Frameworks",
					"@loader_path/Frameworks",
				);
				PRODUCT_BUNDLE_IDENTIFIER = "com.zjs.666.iOS-EngineeringUITests";
				PRODUCT_NAME = "$(TARGET_NAME)";
				TARGETED_DEVICE_FAMILY = "1,2";
				TEST_TARGET_NAME = "iOS-Engineering";
			};
			name = Debug;
		};
		F70282CF2266D754006A8043 /* Release */ = {
			isa = XCBuildConfiguration;
			baseConfigurationReference = D4130A6D5B8092D874E44AA5 /* Pods-iOS-EngineeringUITests.release.xcconfig */;
			buildSettings = {
				CODE_SIGN_STYLE = Automatic;
				DEVELOPMENT_TEAM = GN9RV4RK7D;
				INFOPLIST_FILE = "iOS-EngineeringUITests/Info.plist";
				LD_RUNPATH_SEARCH_PATHS = (
					"$(inherited)",
					"@executable_path/Frameworks",
					"@loader_path/Frameworks",
				);
				PRODUCT_BUNDLE_IDENTIFIER = "com.zjs.666.iOS-EngineeringUITests";
				PRODUCT_NAME = "$(TARGET_NAME)";
				TARGETED_DEVICE_FAMILY = "1,2";
				TEST_TARGET_NAME = "iOS-Engineering";
			};
			name = Release;
		};
/* End XCBuildConfiguration section */

/* Begin XCConfigurationList section */
		F70282962266D753006A8043 /* Build configuration list for PBXProject "iOS-Engineering" */ = {
			isa = XCConfigurationList;
			buildConfigurations = (
				F70282C52266D754006A8043 /* Debug */,
				F70282C62266D754006A8043 /* Release */,
			);
			defaultConfigurationIsVisible = 0;
			defaultConfigurationName = Release;
		};
		F70282C72266D754006A8043 /* Build configuration list for PBXNativeTarget "iOS-Engineering" */ = {
			isa = XCConfigurationList;
			buildConfigurations = (
				F70282C82266D754006A8043 /* Debug */,
				F70282C92266D754006A8043 /* Release */,
			);
			defaultConfigurationIsVisible = 0;
			defaultConfigurationName = Release;
		};
		F70282CA2266D754006A8043 /* Build configuration list for PBXNativeTarget "iOS-EngineeringTests" */ = {
			isa = XCConfigurationList;
			buildConfigurations = (
				F70282CB2266D754006A8043 /* Debug */,
				F70282CC2266D754006A8043 /* Release */,
			);
			defaultConfigurationIsVisible = 0;
			defaultConfigurationName = Release;
		};
		F70282CD2266D754006A8043 /* Build configuration list for PBXNativeTarget "iOS-EngineeringUITests" */ = {
			isa = XCConfigurationList;
			buildConfigurations = (
				F70282CE2266D754006A8043 /* Debug */,
				F70282CF2266D754006A8043 /* Release */,
			);
			defaultConfigurationIsVisible = 0;
			defaultConfigurationName = Release;
		};
/* End XCConfigurationList section */
	};
	rootObject = F70282932266D753006A8043 /* Project object */;
}
